{
  "name": "generate_halstead",
  "version": "1.0.0",
  "lockfileVersion": 3,
  "requires": true,
  "packages": {
    "": {
      "name": "generate_halstead",
      "version": "1.0.0",
      "license": "ISC",
      "dependencies": {
        "escomplex": "^2.0.0-alpha"
      }
    },
    "node_modules/check-types": {
      "version": "5.1.0",
      "resolved": "https://registry.npmjs.org/check-types/-/check-types-5.1.0.tgz",
      "integrity": "sha512-avyYsSECJeYxowzVMGxzwXz9gc+LAEQ8l8nDVRJqbJilfwHDBPxpjTZC0mb1gr8AAARDc/I7P4+IG6SxokWWmw=="
    },
    "node_modules/escomplex": {
      "version": "2.0.0-alpha",
      "resolved": "https://registry.npmjs.org/escomplex/-/escomplex-2.0.0-alpha.tgz",
      "integrity": "sha512-svXitH4tBpW1CPLlGQOxZrqosDj/88GEIoul1bM7WpVGgBnp/5RXb2L0Fo62TAt56k1ZrqTgn+93vnLsAchCcw==",
      "dependencies": {
        "check-types": "^5.1.0"
      }
    }
  }
}
